
Microsoft Visual Studio Solution File, Format Version 12.00
# Visual Studio 15
VisualStudioVersion = 15.0.28010.2003
MinimumVisualStudioVersion = 10.0.40219.1
Project("{FAE04EC0-301F-11D3-BF4B-00C04F79EFBC}") = "EjercicioDelLibroCsharTarea3", "EjercicioDelLibroCsharTarea3\EjercicioDelLibroCsharTarea3.csproj", "{55E86975-C6D8-4F02-B702-C3DC495BFF36}"
EndProject
Global
	GlobalSection(SolutionConfigurationPlatforms) = preSolution
		Debug|Any CPU = Debug|Any CPU
		Release|Any CPU = Release|Any CPU
	EndGlobalSection
	GlobalSection(ProjectConfigurationPlatforms) = postSolution
		{55E86975-C6D8-4F02-B702-C3DC495BFF36}.Debug|Any CPU.ActiveCfg = Debug|Any CPU
		{55E86975-C6D8-4F02-B702-C3DC495BFF36}.Debug|Any CPU.Build.0 = Debug|Any CPU
		{55E86975-C6D8-4F02-B702-C3DC495BFF36}.Release|Any CPU.ActiveCfg = Release|Any CPU
		{55E86975-C6D8-4F02-B702-C3DC495BFF36}.Release|Any CPU.Build.0 = Release|Any CPU
	EndGlobalSection
	GlobalSection(SolutionProperties) = preSolution
		HideSolutionNode = FALSE
	EndGlobalSection
	GlobalSection(ExtensibilityGlobals) = postSolution
		SolutionGuid = {85017F9F-6220-4D58-A633-3CDCD71F2479}
	EndGlobalSection
EndGlobal
